
Microsoft Visual Studio Solution File, Format Version 12.00
# Visual Studio 11
Project("{FAE04EC0-301F-11D3-BF4B-00C04F79EFBC}") = "HelpDesk", "HelpDesk.csproj", "{D4DDB2EF-D345-4D2F-BA70-19D2AD3178ED}"
EndProject
Global
	GlobalSection(SolutionConfigurationPlatforms) = preSolution
		Debug|Any CPU = Debug|Any CPU
		Release|Any CPU = Release|Any CPU
	EndGlobalSection
	GlobalSection(ProjectConfigurationPlatforms) = postSolution
		{D4DDB2EF-D345-4D2F-BA70-19D2AD3178ED}.Debug|Any CPU.ActiveCfg = Debug|Any CPU
		{D4DDB2EF-D345-4D2F-BA70-19D2AD3178ED}.Debug|Any CPU.Build.0 = Debug|Any CPU
		{D4DDB2EF-D345-4D2F-BA70-19D2AD3178ED}.Release|Any CPU.ActiveCfg = Release|Any CPU
		{D4DDB2EF-D345-4D2F-BA70-19D2AD3178ED}.Release|Any CPU.Build.0 = Release|Any CPU
	EndGlobalSection
	GlobalSection(SolutionProperties) = preSolution
		HideSolutionNode = FALSE
	EndGlobalSection
EndGlobal
