
Microsoft Visual Studio Solution File, Format Version 11.00
# Visual Studio 2010
Project("{FAE04EC0-301F-11D3-BF4B-00C04F79EFBC}") = "Helpdesk", "Helpdesk\Helpdesk.csproj", "{5A197F57-9DB5-4E55-B664-4EAF7158387B}"
EndProject
Global
	GlobalSection(SolutionConfigurationPlatforms) = preSolution
		Debug|Any CPU = Debug|Any CPU
		Release|Any CPU = Release|Any CPU
	EndGlobalSection
	GlobalSection(ProjectConfigurationPlatforms) = postSolution
		{5A197F57-9DB5-4E55-B664-4EAF7158387B}.Debug|Any CPU.ActiveCfg = Debug|Any CPU
		{5A197F57-9DB5-4E55-B664-4EAF7158387B}.Debug|Any CPU.Build.0 = Debug|Any CPU
		{5A197F57-9DB5-4E55-B664-4EAF7158387B}.Release|Any CPU.ActiveCfg = Release|Any CPU
		{5A197F57-9DB5-4E55-B664-4EAF7158387B}.Release|Any CPU.Build.0 = Release|Any CPU
	EndGlobalSection
	GlobalSection(SolutionProperties) = preSolution
		HideSolutionNode = FALSE
	EndGlobalSection
EndGlobal
